{
    "_readme": [
        "This file locks the dependencies of your project to a known state",
        "Read more about it at https://getcomposer.org/doc/01-basic-usage.md#installing-dependencies",
        "This file is @generated automatically"
    ],
    "content-hash": "da7a3e7248364cd6f8575df98bc53683",
    "packages": [
        {
            "name": "tecnickcom/tc-lib-barcode",
            "version": "1.18.4",
            "source": {
                "type": "git",
                "url": "https://github.com/tecnickcom/tc-lib-barcode.git",
                "reference": "cd81392e6e1e57e0f6ff8519b1edbc11d8e47a44"
            },
            "dist": {
                "type": "zip",
                "url": "https://api.github.com/repos/tecnickcom/tc-lib-barcode/zipball/cd81392e6e1e57e0f6ff8519b1edbc11d8e47a44",
                "reference": "cd81392e6e1e57e0f6ff8519b1edbc11d8e47a44",
                "shasum": ""
            },
            "require": {
                "ext-bcmath": "*",
                "ext-date": "*",
                "ext-gd": "*",
                "ext-pcre": "*",
                "php": ">=5.6",
                "tecnickcom/tc-lib-color": "^1.14"
            },
            "require-dev": {
                "pdepend/pdepend": "2.13.0",
                "phpmd/phpmd": "2.13.0",
                "phpunit/phpunit": "10.1.2 || 9.6.7 || 8.5.31 || 7.5.20 || 6.5.14 || 5.7.27 || 4.8.36",
                "squizlabs/php_codesniffer": "3.7.2 || 2.9.2"
            },
            "type": "library",
            "autoload": {
                "psr-4": {
                    "Com\\Tecnick\\Barcode\\": "src"
                }
            },
            "notification-url": "https://packagist.org/downloads/",
            "license": [
                "LGPL-3.0-or-later"
            ],
            "authors": [
                {
                    "name": "Nicola Asuni",
                    "email": "info@tecnick.com",
                    "role": "lead"
                }
            ],
            "description": "PHP library to generate linear and bidimensional barcodes",
            "homepage": "http://www.tecnick.com",
            "keywords": [
                "3 of 9",
                "ANSI MH10.8M-1983",
                "CBC",
                "CODABAR",
                "CODE 11",
                "CODE 128 A B C",
                "CODE 39",
                "CODE 93",
                "EAN 13",
                "EAN 8",
                "ECC200",
                "ISO IEC 15438 2006",
                "ISO IEC 16022",
                "ISO IEC 24778 2008",
                "Intelligent Mail Barcode",
                "Interleaved 2 of 5",
                "KIX",
                "Klant",
                "MSI",
                "Onecode",
                "PHARMACODE",
                "PHARMACODE TWO-TRACKS",
                "POSTNET",
                "RMS4CC",
                "Standard 2 of 5",
                "UPC-A",
                "UPC-E",
                "USD-3",
                "USPS-B-3200",
                "USS-93",
                "aztec",
                "barcode",
                "datamatrix",
                "pdf417",
                "planet",
                "qr-code",
                "royal mail",
                "tc-lib-barcode",
                "upc"
            ],
            "support": {
                "issues": "https://github.com/tecnickcom/tc-lib-barcode/issues",
                "source": "https://github.com/tecnickcom/tc-lib-barcode/tree/1.18.4"
            },
            "funding": [
                {
                    "url": "https://www.paypal.com/cgi-bin/webscr?cmd=_donations&currency_code=GBP&business=paypal@tecnick.com&item_name=donation%20for%20tc-lib-barcode%20project",
                    "type": "custom"
                }
            ],
            "time": "2023-10-23T09:30:01+00:00"
        },
        {
            "name": "tecnickcom/tc-lib-color",
            "version": "1.14.39",
            "source": {
                "type": "git",
                "url": "https://github.com/tecnickcom/tc-lib-color.git",
                "reference": "f7a414e7ddbdcd98105506ca1eecc68d4820fb89"
            },
            "dist": {
                "type": "zip",
                "url": "https://api.github.com/repos/tecnickcom/tc-lib-color/zipball/f7a414e7ddbdcd98105506ca1eecc68d4820fb89",
                "reference": "f7a414e7ddbdcd98105506ca1eecc68d4820fb89",
                "shasum": ""
            },
            "require": {
                "ext-pcre": "*",
                "php": ">=5.3"
            },
            "require-dev": {
                "pdepend/pdepend": "2.13.0",
                "phpmd/phpmd": "2.13.0",
                "phpunit/phpunit": "10.1.2 || 9.6.7 || 8.5.31 || 7.5.20 || 6.5.14 || 5.7.27 || 4.8.36",
                "squizlabs/php_codesniffer": "3.7.2 || 2.9.2"
            },
            "type": "library",
            "autoload": {
                "psr-4": {
                    "Com\\Tecnick\\Color\\": "src"
                }
            },
            "notification-url": "https://packagist.org/downloads/",
            "license": [
                "LGPL-3.0-or-later"
            ],
            "authors": [
                {
                    "name": "Nicola Asuni",
                    "email": "info@tecnick.com",
                    "role": "lead"
                }
            ],
            "description": "PHP library to manipulate various color representations",
            "homepage": "http://www.tecnick.com",
            "keywords": [
                "cmyk",
                "color",
                "colors",
                "colour",
                "colours",
                "hsl",
                "hsla",
                "javascript",
                "rgb",
                "rgba",
                "tc-lib-color",
                "web"
            ],
            "support": {
                "issues": "https://github.com/tecnickcom/tc-lib-color/issues",
                "source": "https://github.com/tecnickcom/tc-lib-color/tree/1.14.39"
            },
            "funding": [
                {
                    "url": "https://www.paypal.com/cgi-bin/webscr?cmd=_donations&currency_code=GBP&business=paypal@tecnick.com&item_name=donation%20for%20tc-lib-color%20project",
                    "type": "custom"
                }
            ],
            "time": "2023-10-23T09:28:20+00:00"
        },
        {
            "name": "tecnickcom/tc-lib-file",
            "version": "1.7.39",
            "source": {
                "type": "git",
                "url": "https://github.com/tecnickcom/tc-lib-file.git",
                "reference": "06c94a9396343863d27048e7c7695f67d1566096"
            },
            "dist": {
                "type": "zip",
                "url": "https://api.github.com/repos/tecnickcom/tc-lib-file/zipball/06c94a9396343863d27048e7c7695f67d1566096",
                "reference": "06c94a9396343863d27048e7c7695f67d1566096",
                "shasum": ""
            },
            "require": {
                "ext-curl": "*",
                "ext-pcre": "*",
                "php": ">=5.4"
            },
            "require-dev": {
                "pdepend/pdepend": "2.13.0",
                "phpmd/phpmd": "2.13.0",
                "phpunit/phpunit": "10.1.2 || 9.6.7 || 8.5.31 || 7.5.20 || 6.5.14 || 5.7.27 || 4.8.36",
                "squizlabs/php_codesniffer": "3.7.2 || 2.9.2"
            },
            "type": "library",
            "autoload": {
                "psr-4": {
                    "Com\\Tecnick\\File\\": "src"
                }
            },
            "notification-url": "https://packagist.org/downloads/",
            "license": [
                "LGPL-3.0-or-later"
            ],
            "authors": [
                {
                    "name": "Nicola Asuni",
                    "email": "info@tecnick.com",
                    "role": "lead"
                }
            ],
            "description": "PHP library to read byte-level data from files",
            "homepage": "http://www.tecnick.com",
            "keywords": [
                "Double",
                "bit",
                "byte",
                "file",
                "long",
                "read",
                "short",
                "tc-lib-file"
            ],
            "support": {
                "issues": "https://github.com/tecnickcom/tc-lib-file/issues",
                "source": "https://github.com/tecnickcom/tc-lib-file/tree/1.7.39"
            },
            "funding": [
                {
                    "url": "https://www.paypal.com/cgi-bin/webscr?cmd=_donations&currency_code=GBP&business=paypal@tecnick.com&item_name=donation%20for%20tc-lib-file%20project",
                    "type": "custom"
                }
            ],
            "time": "2023-10-23T09:28:33+00:00"
        },
        {
            "name": "tecnickcom/tc-lib-pdf",
            "version": "8.0.37",
            "source": {
                "type": "git",
                "url": "https://github.com/tecnickcom/tc-lib-pdf.git",
                "reference": "c0dc40eb8b0f23ad883c7f1c7e1fd504c02fe0a8"
            },
            "dist": {
                "type": "zip",
                "url": "https://api.github.com/repos/tecnickcom/tc-lib-pdf/zipball/c0dc40eb8b0f23ad883c7f1c7e1fd504c02fe0a8",
                "reference": "c0dc40eb8b0f23ad883c7f1c7e1fd504c02fe0a8",
                "shasum": ""
            },
            "require": {
                "ext-date": "*",
                "ext-pcre": "*",
                "php": ">=5.6",
                "tecnickcom/tc-lib-barcode": "^1.18",
                "tecnickcom/tc-lib-color": "^1.14",
                "tecnickcom/tc-lib-file": "^1.7",
                "tecnickcom/tc-lib-pdf-encrypt": "^1.6",
                "tecnickcom/tc-lib-pdf-font": "^1.15",
                "tecnickcom/tc-lib-pdf-graph": "^1.7",
                "tecnickcom/tc-lib-pdf-image": "^1.4",
                "tecnickcom/tc-lib-pdf-page": "^3.2",
                "tecnickcom/tc-lib-unicode": "^1.4",
                "tecnickcom/tc-lib-unicode-data": "^1.7"
            },
            "require-dev": {
                "pdepend/pdepend": "2.13.0",
                "phpmd/phpmd": "2.13.0",
                "phpunit/phpunit": "10.1.2 || 9.6.7 || 8.5.31 || 7.5.20 || 6.5.14 || 5.7.27 || 4.8.36",
                "squizlabs/php_codesniffer": "3.7.2 || 2.9.2"
            },
            "type": "library",
            "autoload": {
                "psr-4": {
                    "Com\\Tecnick\\Pdf\\": "src"
                }
            },
            "notification-url": "https://packagist.org/downloads/",
            "license": [
                "LGPL-3.0-or-later"
            ],
            "authors": [
                {
                    "name": "Nicola Asuni",
                    "email": "info@tecnick.com",
                    "role": "lead"
                }
            ],
            "description": "PHP PDF Library",
            "homepage": "http://www.tecnick.com",
            "keywords": [
                "PDFD32000-2008",
                "TCPDF",
                "document",
                "pdf",
                "tc-lib-pdf"
            ],
            "support": {
                "issues": "https://github.com/tecnickcom/tc-lib-pdf/issues",
                "source": "https://github.com/tecnickcom/tc-lib-pdf/tree/8.0.37"
            },
            "funding": [
                {
                    "url": "https://www.paypal.com/cgi-bin/webscr?cmd=_donations&currency_code=GBP&business=paypal@tecnick.com&item_name=donation%20for%20tc-lib-pdf%20project",
                    "type": "custom"
                }
            ],
            "time": "2023-10-23T08:11:53+00:00"
        },
        {
            "name": "tecnickcom/tc-lib-pdf-encrypt",
            "version": "1.6.35",
            "source": {
                "type": "git",
                "url": "https://github.com/tecnickcom/tc-lib-pdf-encrypt.git",
                "reference": "b42d1fd2c7b0d6f42268d44690269bdf0ae2a700"
            },
            "dist": {
                "type": "zip",
                "url": "https://api.github.com/repos/tecnickcom/tc-lib-pdf-encrypt/zipball/b42d1fd2c7b0d6f42268d44690269bdf0ae2a700",
                "reference": "b42d1fd2c7b0d6f42268d44690269bdf0ae2a700",
                "shasum": ""
            },
            "require": {
                "ext-date": "*",
                "ext-hash": "*",
                "ext-openssl": "*",
                "ext-pcre": "*",
                "php": ">=5.4"
            },
            "require-dev": {
                "pdepend/pdepend": "2.13.0",
                "phpmd/phpmd": "2.13.0",
                "phpunit/phpunit": "10.1.2 || 9.6.7 || 8.5.31 || 7.5.20 || 6.5.14 || 5.7.27 || 4.8.36",
                "squizlabs/php_codesniffer": "3.7.2 || 2.9.2"
            },
            "suggest": {
                "ext-posix": "*"
            },
            "type": "library",
            "autoload": {
                "psr-4": {
                    "Com\\Tecnick\\Pdf\\Encrypt\\": "src"
                }
            },
            "notification-url": "https://packagist.org/downloads/",
            "license": [
                "LGPL-3.0-or-later"
            ],
            "authors": [
                {
                    "name": "Nicola Asuni",
                    "email": "info@tecnick.com",
                    "role": "lead"
                }
            ],
            "description": "PHP library to encrypt data for PDF",
            "homepage": "http://www.tecnick.com",
            "keywords": [
                "aes",
                "encrypt",
                "encryption",
                "pdf",
                "rc4",
                "tc-lib-pdf-encrypt"
            ],
            "support": {
                "issues": "https://github.com/tecnickcom/tc-lib-pdf-encrypt/issues",
                "source": "https://github.com/tecnickcom/tc-lib-pdf-encrypt/tree/1.6.35"
            },
            "funding": [
                {
                    "url": "https://www.paypal.com/cgi-bin/webscr?cmd=_donations&currency_code=GBP&business=paypal@tecnick.com&item_name=donation%20for%20tc-lib-pdf-encrypt%20project",
                    "type": "custom"
                }
            ],
            "time": "2023-10-23T09:28:46+00:00"
        },
        {
            "name": "tecnickcom/tc-lib-pdf-font",
            "version": "1.16.1",
            "source": {
                "type": "git",
                "url": "https://github.com/tecnickcom/tc-lib-pdf-font.git",
                "reference": "ada555d664ccdce5c737f61415fcda90e5d45986"
            },
            "dist": {
                "type": "zip",
                "url": "https://api.github.com/repos/tecnickcom/tc-lib-pdf-font/zipball/ada555d664ccdce5c737f61415fcda90e5d45986",
                "reference": "ada555d664ccdce5c737f61415fcda90e5d45986",
                "shasum": ""
            },
            "require": {
                "ext-json": "*",
                "ext-pcre": "*",
                "ext-zlib": "*",
                "php": ">=5.4.0",
                "tecnickcom/tc-lib-file": "^1.7",
                "tecnickcom/tc-lib-pdf-encrypt": "^1.6",
                "tecnickcom/tc-lib-unicode-data": "^1.7"
            },
            "require-dev": {
                "pdepend/pdepend": "2.13.0",
                "phpmd/phpmd": "2.13.0",
                "phpunit/phpunit": "10.1.2 || 9.6.7 || 8.5.31 || 7.5.20 || 6.5.14 || 5.7.27 || 4.8.36",
                "squizlabs/php_codesniffer": "3.7.2 || 2.9.2"
            },
            "type": "library",
            "autoload": {
                "psr-4": {
                    "Com\\Tecnick\\Pdf\\Font\\": "src"
                }
            },
            "notification-url": "https://packagist.org/downloads/",
            "license": [
                "LGPL-3.0-or-later"
            ],
            "authors": [
                {
                    "name": "Nicola Asuni",
                    "email": "info@tecnick.com",
                    "role": "lead"
                }
            ],
            "description": "PHP library containing PDF page formats and definitions",
            "homepage": "http://www.tecnick.com",
            "keywords": [
                "PFB",
                "afm",
                "font",
                "import",
                "pdf",
                "tc-lib-pdf-font",
                "ttf"
            ],
            "support": {
                "issues": "https://github.com/tecnickcom/tc-lib-pdf-font/issues",
                "source": "https://github.com/tecnickcom/tc-lib-pdf-font/tree/1.16.1"
            },
            "funding": [
                {
                    "url": "https://www.paypal.com/cgi-bin/webscr?cmd=_donations&currency_code=GBP&business=paypal@tecnick.com&item_name=donation%20for%20tc-lib-pdf-font%20project",
                    "type": "custom"
                }
            ],
            "time": "2023-11-02T08:31:59+00:00"
        },
        {
            "name": "tecnickcom/tc-lib-pdf-graph",
            "version": "1.7.23",
            "source": {
                "type": "git",
                "url": "https://github.com/tecnickcom/tc-lib-pdf-graph.git",
                "reference": "d523e098ddb69e71e1043958dbb97e2dbbfc93a5"
            },
            "dist": {
                "type": "zip",
                "url": "https://api.github.com/repos/tecnickcom/tc-lib-pdf-graph/zipball/d523e098ddb69e71e1043958dbb97e2dbbfc93a5",
                "reference": "d523e098ddb69e71e1043958dbb97e2dbbfc93a5",
                "shasum": ""
            },
            "require": {
                "ext-zlib": "*",
                "php": ">=5.4",
                "tecnickcom/tc-lib-color": "^1.14",
                "tecnickcom/tc-lib-pdf-encrypt": "^1.6"
            },
            "require-dev": {
                "pdepend/pdepend": "2.13.0",
                "phpmd/phpmd": "2.13.0",
                "phpunit/phpunit": "10.1.2 || 9.6.7 || 8.5.31 || 7.5.20 || 6.5.14 || 5.7.27 || 4.8.36",
                "squizlabs/php_codesniffer": "3.7.2 || 2.9.2"
            },
            "type": "library",
            "autoload": {
                "psr-4": {
                    "Com\\Tecnick\\Pdf\\Graph\\": "src"
                }
            },
            "notification-url": "https://packagist.org/downloads/",
            "license": [
                "LGPL-3.0-or-later"
            ],
            "authors": [
                {
                    "name": "Nicola Asuni",
                    "email": "info@tecnick.com",
                    "role": "lead"
                }
            ],
            "description": "PHP library containing PDF graphic and geometric methods",
            "homepage": "http://www.tecnick.com",
            "keywords": [
                "geometry",
                "graphic",
                "pdf",
                "tc-lib-pdf-graph",
                "transformation"
            ],
            "support": {
                "issues": "https://github.com/tecnickcom/tc-lib-pdf-graph/issues",
                "source": "https://github.com/tecnickcom/tc-lib-pdf-graph/tree/1.7.23"
            },
            "funding": [
                {
                    "url": "https://www.paypal.com/cgi-bin/webscr?cmd=_donations&currency_code=GBP&business=paypal@tecnick.com&item_name=donation%20for%20tc-lib-pdf-graph%20project",
                    "type": "custom"
                }
            ],
            "time": "2023-10-23T09:31:14+00:00"
        },
        {
            "name": "tecnickcom/tc-lib-pdf-image",
            "version": "1.4.20",
            "source": {
                "type": "git",
                "url": "https://github.com/tecnickcom/tc-lib-pdf-image.git",
                "reference": "40433387fa1629c1a13574076df9045f010e1bb8"
            },
            "dist": {
                "type": "zip",
                "url": "https://api.github.com/repos/tecnickcom/tc-lib-pdf-image/zipball/40433387fa1629c1a13574076df9045f010e1bb8",
                "reference": "40433387fa1629c1a13574076df9045f010e1bb8",
                "shasum": ""
            },
            "require": {
                "ext-gd": "*",
                "ext-zlib": "*",
                "php": ">=5.4",
                "tecnickcom/tc-lib-color": "^1.14",
                "tecnickcom/tc-lib-file": "^1.7",
                "tecnickcom/tc-lib-pdf-encrypt": "^1.6"
            },
            "require-dev": {
                "pdepend/pdepend": "2.13.0",
                "phpmd/phpmd": "2.13.0",
                "phpunit/phpunit": "10.1.2 || 9.6.7 || 8.5.31 || 7.5.20 || 6.5.14 || 5.7.27 || 4.8.36",
                "squizlabs/php_codesniffer": "3.7.2 || 2.9.2"
            },
            "type": "library",
            "autoload": {
                "psr-4": {
                    "Com\\Tecnick\\Pdf\\Image\\": "src"
                }
            },
            "notification-url": "https://packagist.org/downloads/",
            "license": [
                "LGPL-3.0-or-later"
            ],
            "authors": [
                {
                    "name": "Nicola Asuni",
                    "email": "info@tecnick.com",
                    "role": "lead"
                }
            ],
            "description": "PHP library containing PDF Image methods",
            "homepage": "http://www.tecnick.com",
            "keywords": [
                "image",
                "jpeg",
                "jpg",
                "pdf",
                "png",
                "tc-lib-pdf-image"
            ],
            "support": {
                "issues": "https://github.com/tecnickcom/tc-lib-pdf-image/issues",
                "source": "https://github.com/tecnickcom/tc-lib-pdf-image/tree/1.4.20"
            },
            "funding": [
                {
                    "url": "https://www.paypal.com/cgi-bin/webscr?cmd=_donations&currency_code=GBP&business=paypal@tecnick.com&item_name=donation%20for%20tc-lib-pdf-image%20project",
                    "type": "custom"
                }
            ],
            "time": "2023-10-23T09:31:28+00:00"
        },
        {
            "name": "tecnickcom/tc-lib-pdf-page",
            "version": "3.2.11",
            "source": {
                "type": "git",
                "url": "https://github.com/tecnickcom/tc-lib-pdf-page.git",
                "reference": "20b7d448dbb4aacf0d31d09d6535db56afed5d67"
            },
            "dist": {
                "type": "zip",
                "url": "https://api.github.com/repos/tecnickcom/tc-lib-pdf-page/zipball/20b7d448dbb4aacf0d31d09d6535db56afed5d67",
                "reference": "20b7d448dbb4aacf0d31d09d6535db56afed5d67",
                "shasum": ""
            },
            "require": {
                "ext-date": "*",
                "ext-zlib": "*",
                "php": ">=5.4",
                "tecnickcom/tc-lib-color": "^1.14",
                "tecnickcom/tc-lib-pdf-encrypt": "^1.6"
            },
            "require-dev": {
                "pdepend/pdepend": "2.13.0",
                "phpmd/phpmd": "2.13.0",
                "phpunit/phpunit": "10.1.2 || 9.6.7 || 8.5.31 || 7.5.20 || 6.5.14 || 5.7.27 || 4.8.36",
                "squizlabs/php_codesniffer": "3.7.2 || 2.9.2"
            },
            "type": "library",
            "autoload": {
                "psr-4": {
                    "Com\\Tecnick\\Pdf\\Page\\": "src"
                }
            },
            "notification-url": "https://packagist.org/downloads/",
            "license": [
                "LGPL-3.0-or-later"
            ],
            "authors": [
                {
                    "name": "Nicola Asuni",
                    "email": "info@tecnick.com",
                    "role": "lead"
                }
            ],
            "description": "PHP library containing PDF page formats and definitions",
            "homepage": "http://www.tecnick.com",
            "keywords": [
                "format",
                "page",
                "pdf",
                "tc-lib-pdf-page"
            ],
            "support": {
                "issues": "https://github.com/tecnickcom/tc-lib-pdf-page/issues",
                "source": "https://github.com/tecnickcom/tc-lib-pdf-page/tree/3.2.11"
            },
            "funding": [
                {
                    "url": "https://www.paypal.com/cgi-bin/webscr?cmd=_donations&currency_code=GBP&business=paypal@tecnick.com&item_name=donation%20for%20tc-lib-pdf-page%20project",
                    "type": "custom"
                }
            ],
            "time": "2023-10-23T09:30:59+00:00"
        },
        {
            "name": "tecnickcom/tc-lib-unicode",
            "version": "1.4.33",
            "source": {
                "type": "git",
                "url": "https://github.com/tecnickcom/tc-lib-unicode.git",
                "reference": "889ab8bb2d48dfb7fa510498c16cbd0df3472348"
            },
            "dist": {
                "type": "zip",
                "url": "https://api.github.com/repos/tecnickcom/tc-lib-unicode/zipball/889ab8bb2d48dfb7fa510498c16cbd0df3472348",
                "reference": "889ab8bb2d48dfb7fa510498c16cbd0df3472348",
                "shasum": ""
            },
            "require": {
                "ext-mbstring": "*",
                "ext-pcre": "*",
                "php": ">=5.4",
                "tecnickcom/tc-lib-unicode-data": "^1.7"
            },
            "require-dev": {
                "pdepend/pdepend": "2.13.0",
                "phpmd/phpmd": "2.13.0",
                "phpunit/phpunit": "10.1.2 || 9.6.7 || 8.5.31 || 7.5.20 || 6.5.14 || 5.7.27 || 4.8.36",
                "squizlabs/php_codesniffer": "3.7.2 || 2.9.2"
            },
            "type": "library",
            "autoload": {
                "psr-4": {
                    "Com\\Tecnick\\Unicode\\": "src"
                }
            },
            "notification-url": "https://packagist.org/downloads/",
            "license": [
                "LGPL-3.0-or-later"
            ],
            "authors": [
                {
                    "name": "Nicola Asuni",
                    "email": "info@tecnick.com",
                    "role": "lead"
                }
            ],
            "description": "PHP library containing Unicode methods",
            "homepage": "http://www.tecnick.com",
            "keywords": [
                "font",
                "pdf",
                "tc-lib-unicode",
                "unicode",
                "utf-8"
            ],
            "support": {
                "issues": "https://github.com/tecnickcom/tc-lib-unicode/issues",
                "source": "https://github.com/tecnickcom/tc-lib-unicode/tree/1.4.33"
            },
            "funding": [
                {
                    "url": "https://www.paypal.com/cgi-bin/webscr?cmd=_donations&currency_code=GBP&business=paypal@tecnick.com&item_name=donation%20for%20tc-lib-unicode%20project",
                    "type": "custom"
                }
            ],
            "time": "2023-10-23T09:30:44+00:00"
        },
        {
            "name": "tecnickcom/tc-lib-unicode-data",
            "version": "1.7.33",
            "source": {
                "type": "git",
                "url": "https://github.com/tecnickcom/tc-lib-unicode-data.git",
                "reference": "aaef614a8065787ae962e9146ea1eb0dfe74240f"
            },
            "dist": {
                "type": "zip",
                "url": "https://api.github.com/repos/tecnickcom/tc-lib-unicode-data/zipball/aaef614a8065787ae962e9146ea1eb0dfe74240f",
                "reference": "aaef614a8065787ae962e9146ea1eb0dfe74240f",
                "shasum": ""
            },
            "require": {
                "php": ">=5.4"
            },
            "require-dev": {
                "pdepend/pdepend": "2.13.0",
                "phpmd/phpmd": "2.13.0",
                "phpunit/phpunit": "10.1.2 || 9.6.7 || 8.5.31 || 7.5.20 || 6.5.14 || 5.7.27 || 4.8.36",
                "squizlabs/php_codesniffer": "3.7.2 || 2.9.2"
            },
            "type": "library",
            "autoload": {
                "psr-4": {
                    "Com\\Tecnick\\Unicode\\Data\\": "src"
                }
            },
            "notification-url": "https://packagist.org/downloads/",
            "license": [
                "LGPL-3.0-or-later"
            ],
            "authors": [
                {
                    "name": "Nicola Asuni",
                    "email": "info@tecnick.com",
                    "role": "lead"
                }
            ],
            "description": "PHP library containing Unicode definitions",
            "homepage": "http://www.tecnick.com",
            "keywords": [
                "font",
                "pdf",
                "tc-lib-unicode-data",
                "unicode",
                "utf-8"
            ],
            "support": {
                "issues": "https://github.com/tecnickcom/tc-lib-unicode-data/issues",
                "source": "https://github.com/tecnickcom/tc-lib-unicode-data/tree/1.7.33"
            },
            "funding": [
                {
                    "url": "https://www.paypal.com/cgi-bin/webscr?cmd=_donations&currency_code=GBP&business=paypal@tecnick.com&item_name=donation%20for%20tc-lib-unicode-data%20project",
                    "type": "custom"
                }
            ],
            "time": "2023-10-23T09:29:17+00:00"
        },
        {
            "name": "tecnickcom/tcpdf",
            "version": "6.6.5",
            "source": {
                "type": "git",
                "url": "https://github.com/tecnickcom/TCPDF.git",
                "reference": "5fce932fcee4371865314ab7f6c0d85423c5c7ce"
            },
            "dist": {
                "type": "zip",
                "url": "https://api.github.com/repos/tecnickcom/TCPDF/zipball/5fce932fcee4371865314ab7f6c0d85423c5c7ce",
                "reference": "5fce932fcee4371865314ab7f6c0d85423c5c7ce",
                "shasum": ""
            },
            "require": {
                "php": ">=5.3.0"
            },
            "type": "library",
            "autoload": {
                "classmap": [
                    "config",
                    "include",
                    "tcpdf.php",
                    "tcpdf_parser.php",
                    "tcpdf_import.php",
                    "tcpdf_barcodes_1d.php",
                    "tcpdf_barcodes_2d.php",
                    "include/tcpdf_colors.php",
                    "include/tcpdf_filters.php",
                    "include/tcpdf_font_data.php",
                    "include/tcpdf_fonts.php",
                    "include/tcpdf_images.php",
                    "include/tcpdf_static.php",
                    "include/barcodes/datamatrix.php",
                    "include/barcodes/pdf417.php",
                    "include/barcodes/qrcode.php"
                ]
            },
            "notification-url": "https://packagist.org/downloads/",
            "license": [
                "LGPL-3.0-or-later"
            ],
            "authors": [
                {
                    "name": "Nicola Asuni",
                    "email": "info@tecnick.com",
                    "role": "lead"
                }
            ],
            "description": "TCPDF is a PHP class for generating PDF documents and barcodes.",
            "homepage": "http://www.tcpdf.org/",
            "keywords": [
                "PDFD32000-2008",
                "TCPDF",
                "barcodes",
                "datamatrix",
                "pdf",
                "pdf417",
                "qrcode"
            ],
            "support": {
                "issues": "https://github.com/tecnickcom/TCPDF/issues",
                "source": "https://github.com/tecnickcom/TCPDF/tree/6.6.5"
            },
            "funding": [
                {
                    "url": "https://www.paypal.com/cgi-bin/webscr?cmd=_donations&currency_code=GBP&business=paypal@tecnick.com&item_name=donation%20for%20tcpdf%20project",
                    "type": "custom"
                }
            ],
            "time": "2023-09-06T15:09:26+00:00"
        }
    ],
    "packages-dev": [
        {
            "name": "squizlabs/php_codesniffer",
            "version": "3.10.3",
            "source": {
                "type": "git",
                "url": "https://github.com/PHPCSStandards/PHP_CodeSniffer.git",
                "reference": "62d32998e820bddc40f99f8251958aed187a5c9c"
            },
            "dist": {
                "type": "zip",
                "url": "https://api.github.com/repos/PHPCSStandards/PHP_CodeSniffer/zipball/62d32998e820bddc40f99f8251958aed187a5c9c",
                "reference": "62d32998e820bddc40f99f8251958aed187a5c9c",
                "shasum": ""
            },
            "require": {
                "ext-simplexml": "*",
                "ext-tokenizer": "*",
                "ext-xmlwriter": "*",
                "php": ">=5.4.0"
            },
            "require-dev": {
                "phpunit/phpunit": "^4.0 || ^5.0 || ^6.0 || ^7.0 || ^8.0 || ^9.3.4"
            },
            "bin": [
                "bin/phpcbf",
                "bin/phpcs"
            ],
            "type": "library",
            "extra": {
                "branch-alias": {
                    "dev-master": "3.x-dev"
                }
            },
            "notification-url": "https://packagist.org/downloads/",
            "license": [
                "BSD-3-Clause"
            ],
            "authors": [
                {
                    "name": "Greg Sherwood",
                    "role": "Former lead"
                },
                {
                    "name": "Juliette Reinders Folmer",
                    "role": "Current lead"
                },
                {
                    "name": "Contributors",
                    "homepage": "https://github.com/PHPCSStandards/PHP_CodeSniffer/graphs/contributors"
                }
            ],
            "description": "PHP_CodeSniffer tokenizes PHP, JavaScript and CSS files and detects violations of a defined set of coding standards.",
            "homepage": "https://github.com/PHPCSStandards/PHP_CodeSniffer",
            "keywords": [
                "phpcs",
                "standards",
                "static analysis"
            ],
            "support": {
                "issues": "https://github.com/PHPCSStandards/PHP_CodeSniffer/issues",
                "security": "https://github.com/PHPCSStandards/PHP_CodeSniffer/security/policy",
                "source": "https://github.com/PHPCSStandards/PHP_CodeSniffer",
                "wiki": "https://github.com/PHPCSStandards/PHP_CodeSniffer/wiki"
            },
            "funding": [
                {
                    "url": "https://github.com/PHPCSStandards",
                    "type": "github"
                },
                {
                    "url": "https://github.com/jrfnl",
                    "type": "github"
                },
                {
                    "url": "https://opencollective.com/php_codesniffer",
                    "type": "open_collective"
                }
            ],
            "time": "2024-09-18T10:38:58+00:00"
        }
    ],
    "aliases": [],
    "minimum-stability": "stable",
    "stability-flags": [],
    "prefer-stable": false,
    "prefer-lowest": false,
    "platform": [],
    "platform-dev": [],
    "plugin-api-version": "2.3.0"
}
